
Microsoft Visual Studio Solution File, Format Version 12.00
# Visual Studio Version 16
VisualStudioVersion = 16.0.29806.167
MinimumVisualStudioVersion = 10.0.40219.1
Project("{FAE04EC0-301F-11D3-BF4B-00C04F79EFBC}") = "ShopSolution.WebApp", "ShopSolution.WebApp\ShopSolution.WebApp.csproj", "{F9BC819B-A4AD-4959-837E-19FA11D962D3}"
EndProject
Global
	GlobalSection(SolutionConfigurationPlatforms) = preSolution
		Debug|Any CPU = Debug|Any CPU
		Release|Any CPU = Release|Any CPU
	EndGlobalSection
	GlobalSection(ProjectConfigurationPlatforms) = postSolution
		{F9BC819B-A4AD-4959-837E-19FA11D962D3}.Debug|Any CPU.ActiveCfg = Debug|Any CPU
		{F9BC819B-A4AD-4959-837E-19FA11D962D3}.Debug|Any CPU.Build.0 = Debug|Any CPU
		{F9BC819B-A4AD-4959-837E-19FA11D962D3}.Release|Any CPU.ActiveCfg = Release|Any CPU
		{F9BC819B-A4AD-4959-837E-19FA11D962D3}.Release|Any CPU.Build.0 = Release|Any CPU
	EndGlobalSection
	GlobalSection(SolutionProperties) = preSolution
		HideSolutionNode = FALSE
	EndGlobalSection
	GlobalSection(ExtensibilityGlobals) = postSolution
		SolutionGuid = {A8683645-6DB9-4212-B146-F6DA3EA3BF8E}
	EndGlobalSection
EndGlobal
